
Microsoft Visual Studio Solution File, Format Version 12.00
# Visual Studio 2013
VisualStudioVersion = 12.0.31101.0
MinimumVisualStudioVersion = 10.0.40219.1
Project("{FAE04EC0-301F-11D3-BF4B-00C04F79EFBC}") = "FaceMatching", "FaceMatching\FaceMatching.csproj", "{BB5B4A6C-366A-4A4F-8091-EE325E950CAC}"
EndProject
Global
	GlobalSection(SolutionConfigurationPlatforms) = preSolution
		Debug|Any CPU = Debug|Any CPU
		Release|Any CPU = Release|Any CPU
	EndGlobalSection
	GlobalSection(ProjectConfigurationPlatforms) = postSolution
		{BB5B4A6C-366A-4A4F-8091-EE325E950CAC}.Debug|Any CPU.ActiveCfg = Debug|Any CPU
		{BB5B4A6C-366A-4A4F-8091-EE325E950CAC}.Debug|Any CPU.Build.0 = Debug|Any CPU
		{BB5B4A6C-366A-4A4F-8091-EE325E950CAC}.Release|Any CPU.ActiveCfg = Release|Any CPU
		{BB5B4A6C-366A-4A4F-8091-EE325E950CAC}.Release|Any CPU.Build.0 = Release|Any CPU
	EndGlobalSection
	GlobalSection(SolutionProperties) = preSolution
		HideSolutionNode = FALSE
	EndGlobalSection
EndGlobal
